
Microsoft Visual Studio Solution File, Format Version 12.00
# Visual Studio 15
VisualStudioVersion = 15.0.26430.14
MinimumVisualStudioVersion = 10.0.40219.1
Project("{FAE04EC0-301F-11D3-BF4B-00C04F79EFBC}") = "LoggingDemo", "LoggingDemo\LoggingDemo.csproj", "{28EA3BF8-90F5-4B0B-A4E1-F818742E0FA9}"
EndProject
Project("{FAE04EC0-301F-11D3-BF4B-00C04F79EFBC}") = "Data", "Data\Data.csproj", "{5934900C-113E-44D4-A058-EF1BE6385D3F}"
EndProject
Project("{FAE04EC0-301F-11D3-BF4B-00C04F79EFBC}") = "LoggingDemo.NETCore", "LoggingDemo.NETCore\LoggingDemo.NETCore.csproj", "{F8B8BAA8-4A55-4218-A822-1BB8EA792AB2}"
EndProject
Global
	GlobalSection(SolutionConfigurationPlatforms) = preSolution
		Debug|Any CPU = Debug|Any CPU
		Release|Any CPU = Release|Any CPU
	EndGlobalSection
	GlobalSection(ProjectConfigurationPlatforms) = postSolution
		{28EA3BF8-90F5-4B0B-A4E1-F818742E0FA9}.Debug|Any CPU.ActiveCfg = Debug|Any CPU
		{28EA3BF8-90F5-4B0B-A4E1-F818742E0FA9}.Debug|Any CPU.Build.0 = Debug|Any CPU
		{28EA3BF8-90F5-4B0B-A4E1-F818742E0FA9}.Release|Any CPU.ActiveCfg = Release|Any CPU
		{28EA3BF8-90F5-4B0B-A4E1-F818742E0FA9}.Release|Any CPU.Build.0 = Release|Any CPU
		{5934900C-113E-44D4-A058-EF1BE6385D3F}.Debug|Any CPU.ActiveCfg = Debug|Any CPU
		{5934900C-113E-44D4-A058-EF1BE6385D3F}.Debug|Any CPU.Build.0 = Debug|Any CPU
		{5934900C-113E-44D4-A058-EF1BE6385D3F}.Release|Any CPU.ActiveCfg = Release|Any CPU
		{5934900C-113E-44D4-A058-EF1BE6385D3F}.Release|Any CPU.Build.0 = Release|Any CPU
		{F8B8BAA8-4A55-4218-A822-1BB8EA792AB2}.Debug|Any CPU.ActiveCfg = Debug|Any CPU
		{F8B8BAA8-4A55-4218-A822-1BB8EA792AB2}.Debug|Any CPU.Build.0 = Debug|Any CPU
		{F8B8BAA8-4A55-4218-A822-1BB8EA792AB2}.Release|Any CPU.ActiveCfg = Release|Any CPU
		{F8B8BAA8-4A55-4218-A822-1BB8EA792AB2}.Release|Any CPU.Build.0 = Release|Any CPU
	EndGlobalSection
	GlobalSection(SolutionProperties) = preSolution
		HideSolutionNode = FALSE
	EndGlobalSection
	GlobalSection(ExtensibilityGlobals) = postSolution
		SolutionGuid = {335461ED-85A1-446D-9962-6818306F19C5}
	EndGlobalSection
EndGlobal
